{
  "requires": true,
  "lockfileVersion": 1,
  "dependencies": {
    "angular-alert-module": {
      "version": "2.0.3",
      "resolved": "https://registry.npmjs.org/angular-alert-module/-/angular-alert-module-2.0.3.tgz",
      "integrity": "sha512-Tp0FmlfLfm1yoIm2X0KbtiiESChrchq1MhHsccSDuezcMUAH5/gpYhc6HgVDYPJc5Kz5YSM9lv1+nKwSfQynyw==",
      "requires": {
        "tslib": "^1.9.0"
      }
    },
    "bootstrap": {
      "version": "4.0.0",
      "resolved": "https://registry.npmjs.org/bootstrap/-/bootstrap-4.0.0.tgz",
      "integrity": "sha512-gulJE5dGFo6Q61V/whS6VM4WIyrlydXfCgkE+Gxe5hjrJ8rXLLZlALq7zq2RPhOc45PSwQpJkrTnc2KgD6cvmA=="
    },
    "ngx-bootstrap": {
      "version": "5.6.1",
      "resolved": "https://registry.npmjs.org/ngx-bootstrap/-/ngx-bootstrap-5.6.1.tgz",
      "integrity": "sha512-8fDs3VaaWgKpupakPKS0QaUc+1E/JMBGJDxUUODjyIkLtFr1A8vH4cjXiV3AfrPvhK27GH0oyTPyKWKcCjEtVg=="
    },
    "ngx-bootstrap-alert-service": {
      "version": "5.0.3",
      "resolved": "https://registry.npmjs.org/ngx-bootstrap-alert-service/-/ngx-bootstrap-alert-service-5.0.3.tgz",
      "integrity": "sha512-BFNswtU9x+LSOzr2tjlzmoOqebaMNyPm5Vq1Ll2qr1OftLEKgp3rKMnUjvt2PHxqliF4Tl29C3SbQ0E7kQXkAA==",
      "requires": {
        "bootstrap": "4.0.0"
      }
    },
    "tslib": {
      "version": "1.13.0",
      "resolved": "https://registry.npmjs.org/tslib/-/tslib-1.13.0.tgz",
      "integrity": "sha512-i/6DQjL8Xf3be4K/E6Wgpekn5Qasl1usyw++dAA35Ue5orEn65VIxOA+YvNNl9HV3qv70T7CNwjODHZrLwvd1Q=="
    }
  }
}
